
Microsoft Visual Studio Solution File, Format Version 12.00
# Visual Studio Version 17
VisualStudioVersion = 17.5.002.0
MinimumVisualStudioVersion = 10.0.40219.1
Project("{9A19103F-16F7-4668-BE54-9A1E7A4F7556}") = "C#001", "C#001.csproj", "{18BA9C4D-CAEC-49ED-9FFB-C8B932B9DE63}"
EndProject
Global
	GlobalSection(SolutionConfigurationPlatforms) = preSolution
		Debug|Any CPU = Debug|Any CPU
		Release|Any CPU = Release|Any CPU
	EndGlobalSection
	GlobalSection(ProjectConfigurationPlatforms) = postSolution
		{18BA9C4D-CAEC-49ED-9FFB-C8B932B9DE63}.Debug|Any CPU.ActiveCfg = Debug|Any CPU
		{18BA9C4D-CAEC-49ED-9FFB-C8B932B9DE63}.Debug|Any CPU.Build.0 = Debug|Any CPU
		{18BA9C4D-CAEC-49ED-9FFB-C8B932B9DE63}.Release|Any CPU.ActiveCfg = Release|Any CPU
		{18BA9C4D-CAEC-49ED-9FFB-C8B932B9DE63}.Release|Any CPU.Build.0 = Release|Any CPU
	EndGlobalSection
	GlobalSection(SolutionProperties) = preSolution
		HideSolutionNode = FALSE
	EndGlobalSection
	GlobalSection(ExtensibilityGlobals) = postSolution
		SolutionGuid = {0D16C12B-7C9B-4DAA-AEB0-0FEF82542E1B}
	EndGlobalSection
EndGlobal
